{
  "requires": true,
  "lockfileVersion": 1,
  "dependencies": {
    "wol": {
      "version": "1.0.7",
      "resolved": "https://registry.npmjs.org/wol/-/wol-1.0.7.tgz",
      "integrity": "sha512-kg7ETY8g3V5+3GVhUfWCVjeXuCmfrX6xfw4cw4c88+MtoxkbFmcs9Y5yhT1wwOL8inogFUQZ8JMzH9OekaaawQ=="
    }
  }
}
